
Microsoft Visual Studio Solution File, Format Version 12.00
# Visual Studio Version 17
VisualStudioVersion = 17.11.35208.52
MinimumVisualStudioVersion = 10.0.40219.1
Project("{FAE04EC0-301F-11D3-BF4B-00C04F79EFBC}") = "LarreaPaulEval3", "LarreaPaulEval3\LarreaPaulEval3.csproj", "{AAE939D8-7495-4521-A980-81D3FD314620}"
EndProject
Global
	GlobalSection(SolutionConfigurationPlatforms) = preSolution
		Debug|Any CPU = Debug|Any CPU
		Release|Any CPU = Release|Any CPU
	EndGlobalSection
	GlobalSection(ProjectConfigurationPlatforms) = postSolution
		{AAE939D8-7495-4521-A980-81D3FD314620}.Debug|Any CPU.ActiveCfg = Debug|Any CPU
		{AAE939D8-7495-4521-A980-81D3FD314620}.Debug|Any CPU.Build.0 = Debug|Any CPU
		{AAE939D8-7495-4521-A980-81D3FD314620}.Debug|Any CPU.Deploy.0 = Debug|Any CPU
		{AAE939D8-7495-4521-A980-81D3FD314620}.Release|Any CPU.ActiveCfg = Release|Any CPU
		{AAE939D8-7495-4521-A980-81D3FD314620}.Release|Any CPU.Build.0 = Release|Any CPU
		{AAE939D8-7495-4521-A980-81D3FD314620}.Release|Any CPU.Deploy.0 = Release|Any CPU
	EndGlobalSection
	GlobalSection(SolutionProperties) = preSolution
		HideSolutionNode = FALSE
	EndGlobalSection
	GlobalSection(ExtensibilityGlobals) = postSolution
		SolutionGuid = {EBEC3F44-D6B5-4963-AAA6-EF274E568E93}
	EndGlobalSection
EndGlobal
